
Microsoft Visual Studio Solution File, Format Version 12.00
# Visual Studio Version 17
VisualStudioVersion = 17.8.34330.188
MinimumVisualStudioVersion = 10.0.40219.1
Project("{FAE04EC0-301F-11D3-BF4B-00C04F79EFBC}") = "Exercice Thread 3", "Exercice Thread 3.csproj", "{60129CA6-EFD5-4F00-9CB6-9C30C3BF61F7}"
EndProject
Global
	GlobalSection(SolutionConfigurationPlatforms) = preSolution
		Debug|Any CPU = Debug|Any CPU
		Release|Any CPU = Release|Any CPU
	EndGlobalSection
	GlobalSection(ProjectConfigurationPlatforms) = postSolution
		{60129CA6-EFD5-4F00-9CB6-9C30C3BF61F7}.Debug|Any CPU.ActiveCfg = Debug|Any CPU
		{60129CA6-EFD5-4F00-9CB6-9C30C3BF61F7}.Debug|Any CPU.Build.0 = Debug|Any CPU
		{60129CA6-EFD5-4F00-9CB6-9C30C3BF61F7}.Release|Any CPU.ActiveCfg = Release|Any CPU
		{60129CA6-EFD5-4F00-9CB6-9C30C3BF61F7}.Release|Any CPU.Build.0 = Release|Any CPU
	EndGlobalSection
	GlobalSection(SolutionProperties) = preSolution
		HideSolutionNode = FALSE
	EndGlobalSection
	GlobalSection(ExtensibilityGlobals) = postSolution
		SolutionGuid = {B204971D-D02C-4945-B8D7-D8F76E6E0E6B}
	EndGlobalSection
EndGlobal
